
Microsoft Visual Studio Solution File, Format Version 12.00
Project("{FAE04EC0-301F-11D3-BF4B-00C04F79EFBC}") = "L06-JWT", "L06-JWT\L06-JWT.csproj", "{A1CCF128-7E4D-4E61-BDC8-AED45FD5C32F}"
EndProject
Global
	GlobalSection(SolutionConfigurationPlatforms) = preSolution
		Debug|Any CPU = Debug|Any CPU
		Release|Any CPU = Release|Any CPU
	EndGlobalSection
	GlobalSection(ProjectConfigurationPlatforms) = postSolution
		{A1CCF128-7E4D-4E61-BDC8-AED45FD5C32F}.Debug|Any CPU.ActiveCfg = Debug|Any CPU
		{A1CCF128-7E4D-4E61-BDC8-AED45FD5C32F}.Debug|Any CPU.Build.0 = Debug|Any CPU
		{A1CCF128-7E4D-4E61-BDC8-AED45FD5C32F}.Release|Any CPU.ActiveCfg = Release|Any CPU
		{A1CCF128-7E4D-4E61-BDC8-AED45FD5C32F}.Release|Any CPU.Build.0 = Release|Any CPU
	EndGlobalSection
EndGlobal
